
Microsoft Visual Studio Solution File, Format Version 12.00
# Visual Studio 14
VisualStudioVersion = 14.0.23107.0
MinimumVisualStudioVersion = 10.0.40219.1
Project("{2150E333-8FDC-42A3-9474-1A3956D46DE8}") = "src", "src", "{D80B4700-97FD-49B5-8FD4-07ABC4E9FCF7}"
EndProject
Project("{2150E333-8FDC-42A3-9474-1A3956D46DE8}") = "Solution Items", "Solution Items", "{CA79D8B6-A8D6-4BAA-9357-B843C33F8649}"
	ProjectSection(SolutionItems) = preProject
		global.json = global.json
	EndProjectSection
EndProject
Project("{FAE04EC0-301F-11D3-BF4B-00C04F79EFBC}") = "MessagingServerController", "MessagingServerController\MessagingServerController.csproj", "{74228AAE-979D-405E-831C-5E241029C00D}"
EndProject
Project("{2150E333-8FDC-42A3-9474-1A3956D46DE8}") = "Server", "Server", "{3D8D6C1E-D754-4EDB-90F8-A95141E74CB6}"
EndProject
Project("{2150E333-8FDC-42A3-9474-1A3956D46DE8}") = "Clients", "Clients", "{C5013619-CF79-4237-9BC0-C743BE909353}"
EndProject
Project("{2150E333-8FDC-42A3-9474-1A3956D46DE8}") = "Common", "Common", "{3BA57693-5E45-4F1E-9488-AD7C14E84D06}"
EndProject
Project("{FAE04EC0-301F-11D3-BF4B-00C04F79EFBC}") = "MessagingInterfaces", "MessagingInterfaces\MessagingInterfaces.csproj", "{74352F8F-A594-421D-AD5F-F54D5011E6D8}"
EndProject
Project("{FAE04EC0-301F-11D3-BF4B-00C04F79EFBC}") = "ExternalDataProvider", "ExternalDataProvider\ExternalDataProvider.csproj", "{A83FD925-280C-4D91-8687-EC3670DBC525}"
EndProject
Project("{FAE04EC0-301F-11D3-BF4B-00C04F79EFBC}") = "MessagingAPI", "MessagingAPI\MessagingAPI.csproj", "{AED04E04-0F66-4A5B-9A3F-A564FF29D405}"
EndProject
Global
	GlobalSection(SolutionConfigurationPlatforms) = preSolution
		Debug|Any CPU = Debug|Any CPU
		Debug|x64 = Debug|x64
		Release|Any CPU = Release|Any CPU
		Release|x64 = Release|x64
	EndGlobalSection
	GlobalSection(ProjectConfigurationPlatforms) = postSolution
		{74228AAE-979D-405E-831C-5E241029C00D}.Debug|Any CPU.ActiveCfg = Debug|Any CPU
		{74228AAE-979D-405E-831C-5E241029C00D}.Debug|Any CPU.Build.0 = Debug|Any CPU
		{74228AAE-979D-405E-831C-5E241029C00D}.Debug|x64.ActiveCfg = Debug|x64
		{74228AAE-979D-405E-831C-5E241029C00D}.Debug|x64.Build.0 = Debug|x64
		{74228AAE-979D-405E-831C-5E241029C00D}.Release|Any CPU.ActiveCfg = Release|Any CPU
		{74228AAE-979D-405E-831C-5E241029C00D}.Release|Any CPU.Build.0 = Release|Any CPU
		{74228AAE-979D-405E-831C-5E241029C00D}.Release|x64.ActiveCfg = Release|x64
		{74228AAE-979D-405E-831C-5E241029C00D}.Release|x64.Build.0 = Release|x64
		{74352F8F-A594-421D-AD5F-F54D5011E6D8}.Debug|Any CPU.ActiveCfg = Debug|Any CPU
		{74352F8F-A594-421D-AD5F-F54D5011E6D8}.Debug|Any CPU.Build.0 = Debug|Any CPU
		{74352F8F-A594-421D-AD5F-F54D5011E6D8}.Debug|x64.ActiveCfg = Debug|x64
		{74352F8F-A594-421D-AD5F-F54D5011E6D8}.Debug|x64.Build.0 = Debug|x64
		{74352F8F-A594-421D-AD5F-F54D5011E6D8}.Release|Any CPU.ActiveCfg = Release|Any CPU
		{74352F8F-A594-421D-AD5F-F54D5011E6D8}.Release|Any CPU.Build.0 = Release|Any CPU
		{74352F8F-A594-421D-AD5F-F54D5011E6D8}.Release|x64.ActiveCfg = Release|x64
		{74352F8F-A594-421D-AD5F-F54D5011E6D8}.Release|x64.Build.0 = Release|x64
		{A83FD925-280C-4D91-8687-EC3670DBC525}.Debug|Any CPU.ActiveCfg = Debug|Any CPU
		{A83FD925-280C-4D91-8687-EC3670DBC525}.Debug|Any CPU.Build.0 = Debug|Any CPU
		{A83FD925-280C-4D91-8687-EC3670DBC525}.Debug|x64.ActiveCfg = Debug|Any CPU
		{A83FD925-280C-4D91-8687-EC3670DBC525}.Debug|x64.Build.0 = Debug|Any CPU
		{A83FD925-280C-4D91-8687-EC3670DBC525}.Release|Any CPU.ActiveCfg = Release|Any CPU
		{A83FD925-280C-4D91-8687-EC3670DBC525}.Release|Any CPU.Build.0 = Release|Any CPU
		{A83FD925-280C-4D91-8687-EC3670DBC525}.Release|x64.ActiveCfg = Release|Any CPU
		{A83FD925-280C-4D91-8687-EC3670DBC525}.Release|x64.Build.0 = Release|Any CPU
		{AED04E04-0F66-4A5B-9A3F-A564FF29D405}.Debug|Any CPU.ActiveCfg = Debug|Any CPU
		{AED04E04-0F66-4A5B-9A3F-A564FF29D405}.Debug|Any CPU.Build.0 = Debug|Any CPU
		{AED04E04-0F66-4A5B-9A3F-A564FF29D405}.Debug|x64.ActiveCfg = Debug|x64
		{AED04E04-0F66-4A5B-9A3F-A564FF29D405}.Debug|x64.Build.0 = Debug|x64
		{AED04E04-0F66-4A5B-9A3F-A564FF29D405}.Release|Any CPU.ActiveCfg = Release|Any CPU
		{AED04E04-0F66-4A5B-9A3F-A564FF29D405}.Release|Any CPU.Build.0 = Release|Any CPU
		{AED04E04-0F66-4A5B-9A3F-A564FF29D405}.Release|x64.ActiveCfg = Release|x64
		{AED04E04-0F66-4A5B-9A3F-A564FF29D405}.Release|x64.Build.0 = Release|x64
	EndGlobalSection
	GlobalSection(SolutionProperties) = preSolution
		HideSolutionNode = FALSE
	EndGlobalSection
	GlobalSection(NestedProjects) = preSolution
		{74228AAE-979D-405E-831C-5E241029C00D} = {3D8D6C1E-D754-4EDB-90F8-A95141E74CB6}
		{3D8D6C1E-D754-4EDB-90F8-A95141E74CB6} = {D80B4700-97FD-49B5-8FD4-07ABC4E9FCF7}
		{C5013619-CF79-4237-9BC0-C743BE909353} = {D80B4700-97FD-49B5-8FD4-07ABC4E9FCF7}
		{74352F8F-A594-421D-AD5F-F54D5011E6D8} = {3BA57693-5E45-4F1E-9488-AD7C14E84D06}
		{A83FD925-280C-4D91-8687-EC3670DBC525} = {3BA57693-5E45-4F1E-9488-AD7C14E84D06}
		{AED04E04-0F66-4A5B-9A3F-A564FF29D405} = {3D8D6C1E-D754-4EDB-90F8-A95141E74CB6}
	EndGlobalSection
EndGlobal
